Microsoft Visual Studio Solution File, Format Version 12.00
# Visual Studio Version 17
VisualStudioVersion = 17.5.2.0
MinimumVisualStudioVersion = 10.0.40219.1
Project("{2150E333-8FDC-42A3-9474-1A3956D46DE8}") = "backend", "backend", "{1AE8ACA6-933B-BF2A-3671-3E2EAC007D16}"
EndProject
Project("{2150E333-8FDC-42A3-9474-1A3956D46DE8}") = "src", "src", "{0F9113EE-888A-26D2-68B0-4A7D0A2A8745}"
EndProject
Project("{FAE04EC0-301F-11D3-BF4B-00C04F79EFBC}") = "CreatePrize", "backend\src\CreatePrize\CreatePrize.csproj", "{277F7A9D-DEB0-B053-EECC-F5AD075A79A8}"
EndProject
Project("{FAE04EC0-301F-11D3-BF4B-00C04F79EFBC}") = "CreateUser", "backend\src\CreateUser\CreateUser.csproj", "{D19BE723-675D-3446-26DB-92452966AC6F}"
EndProject
Project("{FAE04EC0-301F-11D3-BF4B-00C04F79EFBC}") = "GetPrizes", "backend\src\GetPrizes\GetPrizes.csproj", "{08306399-333F-B536-60CC-FBDCD03CAC71}"
EndProject
Project("{FAE04EC0-301F-11D3-BF4B-00C04F79EFBC}") = "GetUsers", "backend\src\GetUsers\GetUsers.csproj", "{C334A38F-6E09-9222-C6BC-5C33B412E2BC}"
EndProject
Project("{FAE04EC0-301F-11D3-BF4B-00C04F79EFBC}") = "Authorizer", "backend\src\Authorizer\Authorizer.csproj", "{026669E9-F0E9-BA99-A6D3-7A536414B159}"
EndProject
Project("{FAE04EC0-301F-11D3-BF4B-00C04F79EFBC}") = "UserLogin", "backend\src\UserLogin\UserLogin.csproj", "{836EC839-B242-B8D5-7AE6-2B340CD1A3DA}"
EndProject
Project("{FAE04EC0-301F-11D3-BF4B-00C04F79EFBC}") = "DeleteUser", "backend\src\DeleteUser\DeleteUser.csproj", "{566CF1F0-C44A-DF9B-F9F7-047B510753E3}"
EndProject
Project("{FAE04EC0-301F-11D3-BF4B-00C04F79EFBC}") = "TokenUtils", "backend\src\TokenUtils\TokenUtils.csproj", "{CFE8A180-845F-FD8C-E2C0-7B81940B35D6}"
EndProject
Project("{FAE04EC0-301F-11D3-BF4B-00C04F79EFBC}") = "DeletePrize", "backend\src\DeletePrize\DeletePrize.csproj", "{B1DC4088-D7D5-26C3-6C7F-8A481CFD0DD4}"
EndProject
Project("{FAE04EC0-301F-11D3-BF4B-00C04F79EFBC}") = "MongoDBConfig", "backend\src\MongoDBConfig\MongoDBConfig.csproj", "{D4F35011-8E28-02C2-F523-D865335DE2C1}"
EndProject
Global
	GlobalSection(SolutionConfigurationPlatforms) = preSolution
		Debug|Any CPU = Debug|Any CPU
		Release|Any CPU = Release|Any CPU
	EndGlobalSection
	GlobalSection(ProjectConfigurationPlatforms) = postSolution
		{277F7A9D-DEB0-B053-EECC-F5AD075A79A8}.Debug|Any CPU.ActiveCfg = Debug|Any CPU
		{277F7A9D-DEB0-B053-EECC-F5AD075A79A8}.Debug|Any CPU.Build.0 = Debug|Any CPU
		{277F7A9D-DEB0-B053-EECC-F5AD075A79A8}.Release|Any CPU.ActiveCfg = Release|Any CPU
		{277F7A9D-DEB0-B053-EECC-F5AD075A79A8}.Release|Any CPU.Build.0 = Release|Any CPU
		{D19BE723-675D-3446-26DB-92452966AC6F}.Debug|Any CPU.ActiveCfg = Debug|Any CPU
		{D19BE723-675D-3446-26DB-92452966AC6F}.Debug|Any CPU.Build.0 = Debug|Any CPU
		{D19BE723-675D-3446-26DB-92452966AC6F}.Release|Any CPU.ActiveCfg = Release|Any CPU
		{D19BE723-675D-3446-26DB-92452966AC6F}.Release|Any CPU.Build.0 = Release|Any CPU
		{08306399-333F-B536-60CC-FBDCD03CAC71}.Debug|Any CPU.ActiveCfg = Debug|Any CPU
		{08306399-333F-B536-60CC-FBDCD03CAC71}.Debug|Any CPU.Build.0 = Debug|Any CPU
		{08306399-333F-B536-60CC-FBDCD03CAC71}.Release|Any CPU.ActiveCfg = Release|Any CPU
		{08306399-333F-B536-60CC-FBDCD03CAC71}.Release|Any CPU.Build.0 = Release|Any CPU
		{C334A38F-6E09-9222-C6BC-5C33B412E2BC}.Debug|Any CPU.ActiveCfg = Debug|Any CPU
		{C334A38F-6E09-9222-C6BC-5C33B412E2BC}.Debug|Any CPU.Build.0 = Debug|Any CPU
		{C334A38F-6E09-9222-C6BC-5C33B412E2BC}.Release|Any CPU.ActiveCfg = Release|Any CPU
		{C334A38F-6E09-9222-C6BC-5C33B412E2BC}.Release|Any CPU.Build.0 = Release|Any CPU
		{026669E9-F0E9-BA99-A6D3-7A536414B159}.Debug|Any CPU.ActiveCfg = Debug|Any CPU
		{026669E9-F0E9-BA99-A6D3-7A536414B159}.Debug|Any CPU.Build.0 = Debug|Any CPU
		{026669E9-F0E9-BA99-A6D3-7A536414B159}.Release|Any CPU.ActiveCfg = Release|Any CPU
		{026669E9-F0E9-BA99-A6D3-7A536414B159}.Release|Any CPU.Build.0 = Release|Any CPU
		{836EC839-B242-B8D5-7AE6-2B340CD1A3DA}.Debug|Any CPU.ActiveCfg = Debug|Any CPU
		{836EC839-B242-B8D5-7AE6-2B340CD1A3DA}.Debug|Any CPU.Build.0 = Debug|Any CPU
		{836EC839-B242-B8D5-7AE6-2B340CD1A3DA}.Release|Any CPU.ActiveCfg = Release|Any CPU
		{836EC839-B242-B8D5-7AE6-2B340CD1A3DA}.Release|Any CPU.Build.0 = Release|Any CPU
		{566CF1F0-C44A-DF9B-F9F7-047B510753E3}.Debug|Any CPU.ActiveCfg = Debug|Any CPU
		{566CF1F0-C44A-DF9B-F9F7-047B510753E3}.Debug|Any CPU.Build.0 = Debug|Any CPU
		{566CF1F0-C44A-DF9B-F9F7-047B510753E3}.Release|Any CPU.ActiveCfg = Release|Any CPU
		{566CF1F0-C44A-DF9B-F9F7-047B510753E3}.Release|Any CPU.Build.0 = Release|Any CPU
		{CFE8A180-845F-FD8C-E2C0-7B81940B35D6}.Debug|Any CPU.ActiveCfg = Debug|Any CPU
		{CFE8A180-845F-FD8C-E2C0-7B81940B35D6}.Debug|Any CPU.Build.0 = Debug|Any CPU
		{CFE8A180-845F-FD8C-E2C0-7B81940B35D6}.Release|Any CPU.ActiveCfg = Release|Any CPU
		{CFE8A180-845F-FD8C-E2C0-7B81940B35D6}.Release|Any CPU.Build.0 = Release|Any CPU
		{B1DC4088-D7D5-26C3-6C7F-8A481CFD0DD4}.Debug|Any CPU.ActiveCfg = Debug|Any CPU
		{B1DC4088-D7D5-26C3-6C7F-8A481CFD0DD4}.Debug|Any CPU.Build.0 = Debug|Any CPU
		{B1DC4088-D7D5-26C3-6C7F-8A481CFD0DD4}.Release|Any CPU.ActiveCfg = Release|Any CPU
		{B1DC4088-D7D5-26C3-6C7F-8A481CFD0DD4}.Release|Any CPU.Build.0 = Release|Any CPU
		{D4F35011-8E28-02C2-F523-D865335DE2C1}.Debug|Any CPU.ActiveCfg = Debug|Any CPU
		{D4F35011-8E28-02C2-F523-D865335DE2C1}.Debug|Any CPU.Build.0 = Debug|Any CPU
		{D4F35011-8E28-02C2-F523-D865335DE2C1}.Release|Any CPU.ActiveCfg = Release|Any CPU
		{D4F35011-8E28-02C2-F523-D865335DE2C1}.Release|Any CPU.Build.0 = Release|Any CPU
	EndGlobalSection
	GlobalSection(SolutionProperties) = preSolution
		HideSolutionNode = FALSE
	EndGlobalSection
	GlobalSection(NestedProjects) = preSolution
		{0F9113EE-888A-26D2-68B0-4A7D0A2A8745} = {1AE8ACA6-933B-BF2A-3671-3E2EAC007D16}
		{277F7A9D-DEB0-B053-EECC-F5AD075A79A8} = {0F9113EE-888A-26D2-68B0-4A7D0A2A8745}
		{D19BE723-675D-3446-26DB-92452966AC6F} = {0F9113EE-888A-26D2-68B0-4A7D0A2A8745}
		{08306399-333F-B536-60CC-FBDCD03CAC71} = {0F9113EE-888A-26D2-68B0-4A7D0A2A8745}
		{C334A38F-6E09-9222-C6BC-5C33B412E2BC} = {0F9113EE-888A-26D2-68B0-4A7D0A2A8745}
		{026669E9-F0E9-BA99-A6D3-7A536414B159} = {0F9113EE-888A-26D2-68B0-4A7D0A2A8745}
		{836EC839-B242-B8D5-7AE6-2B340CD1A3DA} = {0F9113EE-888A-26D2-68B0-4A7D0A2A8745}
		{566CF1F0-C44A-DF9B-F9F7-047B510753E3} = {0F9113EE-888A-26D2-68B0-4A7D0A2A8745}
		{CFE8A180-845F-FD8C-E2C0-7B81940B35D6} = {0F9113EE-888A-26D2-68B0-4A7D0A2A8745}
		{B1DC4088-D7D5-26C3-6C7F-8A481CFD0DD4} = {0F9113EE-888A-26D2-68B0-4A7D0A2A8745}
		{D4F35011-8E28-02C2-F523-D865335DE2C1} = {0F9113EE-888A-26D2-68B0-4A7D0A2A8745}
	EndGlobalSection
	GlobalSection(ExtensibilityGlobals) = postSolution
		SolutionGuid = {5E0D5851-1CF1-424C-9DE6-D41407631049}
	EndGlobalSection
EndGlobal
